lockVersion: 2.0.0
id: 1aa60b54-5e5a-4e54-bfb6-e7687cc0aa5d
management:
  docChecksum: 9954f3c474501f6a305db91c4f4e2315
  docVersion: v5.6.1
  speakeasyVersion: internal
  generationVersion: 2.237.2
  releaseVersion: 0.11.3
  configChecksum: 591ac266f2c44cfb50cc3597980d5954
  repoURL: https://github.com/speakeasy-sdks/terraform-provider-opswat.git
  repoSubDirectory: .
  published: true
features:
  terraform:
    core: 3.8.4
    globalServerURLs: 2.82.1
    unions: 2.81.7
generatedFiles:
  - internal/sdk/config.go
  - internal/sdk/yara.go
  - internal/sdk/engines.go
  - internal/sdk/admin.go
  - internal/sdk/license.go
  - internal/sdk/analysis.go
  - internal/sdk/batch.go
  - internal/sdk/auth.go
  - internal/sdk/stats.go
  - internal/sdk/sdk.go
  - examples/README.md
  - go.mod
  - go.sum
  - internal/planmodifiers/boolplanmodifier/suppress_diff.go
  - internal/planmodifiers/float64planmodifier/suppress_diff.go
  - internal/planmodifiers/int64planmodifier/suppress_diff.go
  - internal/planmodifiers/listplanmodifier/suppress_diff.go
  - internal/planmodifiers/mapplanmodifier/suppress_diff.go
  - internal/planmodifiers/numberplanmodifier/suppress_diff.go
  - internal/planmodifiers/objectplanmodifier/suppress_diff.go
  - internal/planmodifiers/setplanmodifier/suppress_diff.go
  - internal/planmodifiers/stringplanmodifier/suppress_diff.go
  - internal/planmodifiers/utils/state_check.go
  - internal/provider/reflect/diags.go
  - internal/provider/reflect/doc.go
  - internal/provider/reflect/generic_attr_value.go
  - internal/provider/reflect/helpers.go
  - internal/provider/reflect/interfaces.go
  - internal/provider/reflect/into.go
  - internal/provider/reflect/map.go
  - internal/provider/reflect/number.go
  - internal/provider/reflect/options.go
  - internal/provider/reflect/outof.go
  - internal/provider/reflect/pointer.go
  - internal/provider/reflect/primitive.go
  - internal/provider/reflect/slice.go
  - internal/provider/reflect/struct.go
  - internal/provider/utils.go
  - internal/sdk/pkg/models/sdkerrors/sdkerror.go
  - internal/sdk/pkg/types/bigint.go
  - internal/sdk/pkg/types/date.go
  - internal/sdk/pkg/types/datetime.go
  - internal/sdk/pkg/types/decimal.go
  - internal/sdk/pkg/types/pointers.go
  - internal/sdk/pkg/utils/contenttype.go
  - internal/sdk/pkg/utils/form.go
  - internal/sdk/pkg/utils/headers.go
  - internal/sdk/pkg/utils/json.go
  - internal/sdk/pkg/utils/pathparams.go
  - internal/sdk/pkg/utils/queryparams.go
  - internal/sdk/pkg/utils/requestbody.go
  - internal/sdk/pkg/utils/retries.go
  - internal/sdk/pkg/utils/security.go
  - internal/sdk/pkg/utils/utils.go
  - internal/validators/DateValidator.go
  - internal/validators/ExactlyOneChild.go
  - internal/validators/JSONParseValidator.go
  - internal/validators/RFC3339Validator.go
  - internal/validators/boolvalidators/not_null.go
  - internal/validators/float64validators/not_null.go
  - internal/validators/int64validators/not_null.go
  - internal/validators/listvalidators/not_null.go
  - internal/validators/mapvalidators/not_null.go
  - internal/validators/numbervalidators/not_null.go
  - internal/validators/objectvalidators/not_null.go
  - internal/validators/setvalidators/not_null.go
  - internal/validators/stringvalidators/not_null.go
  - main.go
  - terraform-registry-manifest.json
  - tools/tools.go
  - internal/sdk/pkg/models/operations/configauditlog.go
  - internal/sdk/pkg/models/operations/configdeleteskiphash.go
  - internal/sdk/pkg/models/operations/configgetcustomresponseheader.go
  - internal/sdk/pkg/models/operations/configgethealthcheck.go
  - internal/sdk/pkg/models/operations/configgetproxy.go
  - internal/sdk/pkg/models/operations/configgetsessioncookie.go
  - internal/sdk/pkg/models/operations/configgetskiphash.go
  - internal/sdk/pkg/models/operations/configgetsyncscantimeout.go
  - internal/sdk/pkg/models/operations/configpostproxytestconnection.go
  - internal/sdk/pkg/models/operations/configpostskiphash.go
  - internal/sdk/pkg/models/operations/configputcustomresponseheader.go
  - internal/sdk/pkg/models/operations/configputsessioncookie.go
  - internal/sdk/pkg/models/operations/configquarantine.go
  - internal/sdk/pkg/models/operations/configsanitizedrepo.go
  - internal/sdk/pkg/models/operations/configscanhistory.go
  - internal/sdk/pkg/models/operations/configsession.go
  - internal/sdk/pkg/models/operations/configupdate.go
  - internal/sdk/pkg/models/operations/configupdatehealthcheck.go
  - internal/sdk/pkg/models/operations/configupdateproxy.go
  - internal/sdk/pkg/models/operations/configupdateskiphash.go
  - internal/sdk/pkg/models/operations/configupdatesyncscantimeout.go
  - internal/sdk/pkg/models/operations/configupdatewebhook.go
  - internal/sdk/pkg/models/operations/configwebhook.go
  - internal/sdk/pkg/models/operations/yarapackagegenerate.go
  - internal/sdk/pkg/models/operations/yarapackagestatus.go
  - internal/sdk/pkg/models/operations/yarasourcesget.go
  - internal/sdk/pkg/models/operations/yarasourcesput.go
  - internal/sdk/pkg/models/operations/engineconfigget.go
  - internal/sdk/pkg/models/operations/engineconfigput.go
  - internal/sdk/pkg/models/operations/enginedisable.go
  - internal/sdk/pkg/models/operations/engineenable.go
  - internal/sdk/pkg/models/operations/enginepin.go
  - internal/sdk/pkg/models/operations/engineunpin.go
  - internal/sdk/pkg/models/operations/adminexport.go
  - internal/sdk/pkg/models/operations/adminexportv2.go
  - internal/sdk/pkg/models/operations/adminimport.go
  - internal/sdk/pkg/models/operations/adminimportv2.go
  - internal/sdk/pkg/models/operations/getlicensebackup.go
  - internal/sdk/pkg/models/operations/licensebackupnomination.go
  - internal/sdk/pkg/models/operations/postlicensebackup.go
  - internal/sdk/pkg/models/operations/removebackupinstance.go
  - internal/sdk/pkg/models/operations/rolecreate.go
  - internal/sdk/pkg/models/operations/usercreate.go
  - internal/sdk/pkg/models/operations/licenseactivation.go
  - internal/sdk/pkg/models/operations/licenseget.go
  - internal/sdk/pkg/models/operations/licenseupload.go
  - internal/sdk/pkg/models/operations/analysisrules.go
  - internal/sdk/pkg/models/operations/downloadfile.go
  - internal/sdk/pkg/models/operations/downloadquarantinedfile.go
  - internal/sdk/pkg/models/operations/fileanalysiscancel.go
  - internal/sdk/pkg/models/operations/fileanalysisget.go
  - internal/sdk/pkg/models/operations/fileanalysisgetallchildfiles.go
  - internal/sdk/pkg/models/operations/fileanalysispost.go
  - internal/sdk/pkg/models/operations/fileanalysissyncpost.go
  - internal/sdk/pkg/models/operations/hashget.go
  - internal/sdk/pkg/models/operations/resultexportedfile.go
  - internal/sdk/pkg/models/operations/retrieveblockedleaffile.go
  - internal/sdk/pkg/models/operations/sanitizedfile.go
  - internal/sdk/pkg/models/operations/webhookstatus.go
  - internal/sdk/pkg/models/operations/batchcancel.go
  - internal/sdk/pkg/models/operations/batchclose.go
  - internal/sdk/pkg/models/operations/batchcreate.go
  - internal/sdk/pkg/models/operations/batchsignedresult.go
  - internal/sdk/pkg/models/operations/batchstatus.go
  - internal/sdk/pkg/models/operations/userchangepass.go
  - internal/sdk/pkg/models/operations/userlogin.go
  - internal/sdk/pkg/models/operations/userlogout.go
  - internal/sdk/pkg/models/operations/activeperformance.go
  - internal/sdk/pkg/models/operations/enginesstatus.go
  - internal/sdk/pkg/models/operations/healthcheck.go
  - internal/sdk/pkg/models/operations/nodesstatus.go
  - internal/sdk/pkg/models/operations/productversion.go
  - internal/sdk/pkg/models/shared/admincleanup.go
  - internal/sdk/pkg/models/shared/skiplistafterdeleted.go
  - internal/sdk/pkg/models/shared/adminconfigcustomresponseheader.go
  - internal/sdk/pkg/models/shared/healthcheck.go
  - internal/sdk/pkg/models/shared/proxylist.go
  - internal/sdk/pkg/models/shared/adminconfigsessioncookie.go
  - internal/sdk/pkg/models/shared/skiplist.go
  - internal/sdk/pkg/models/shared/adminconfigfilesync.go
  - internal/sdk/pkg/models/shared/errorwhilerequestingconfig.go
  - internal/sdk/pkg/models/shared/internalservererror.go
  - internal/sdk/pkg/models/shared/missingport.go
  - internal/sdk/pkg/models/shared/missingserveraddress.go
  - internal/sdk/pkg/models/shared/proxyrequiresauthentication.go
  - internal/sdk/pkg/models/shared/postproxyrequest.go
  - internal/sdk/pkg/models/shared/adminconfigsession.go
  - internal/sdk/pkg/models/shared/adminconfigupdate.go
  - internal/sdk/pkg/models/shared/setrequiredenginefailedwheninvalidlicense.go
  - internal/sdk/pkg/models/shared/setrequiredenginefailedwheninvalidengine.go
  - internal/sdk/pkg/models/shared/errorwhilemodifyingconfig.go
  - internal/sdk/pkg/models/shared/postrequestbody.go
  - internal/sdk/pkg/models/shared/missingenabledfield.go
  - internal/sdk/pkg/models/shared/errorwhileparsinginputjson.go
  - internal/sdk/pkg/models/shared/proxylistrequestbody.go
  - internal/sdk/pkg/models/shared/adminconfigwebhook.go
  - internal/sdk/pkg/models/shared/yarasourcesobject.go
  - internal/sdk/pkg/models/shared/newuserroleresponse.go
  - internal/sdk/pkg/models/shared/rolepermissionobject.go
  - internal/sdk/pkg/models/shared/newuserrolerequest.go
  - internal/sdk/pkg/models/shared/userresponse.go
  - internal/sdk/pkg/models/shared/userrequest.go
  - internal/sdk/pkg/models/shared/postlicensekeyrequest.go
  - internal/sdk/pkg/models/shared/licenseinformation.go
  - internal/sdk/pkg/models/shared/analysisresult.go
  - internal/sdk/pkg/models/shared/yarareport.go
  - internal/sdk/pkg/models/shared/scanresultenum.go
  - internal/sdk/pkg/models/shared/vulnerabilityresponse.go
  - internal/sdk/pkg/models/shared/metascanreport.go
  - internal/sdk/pkg/models/shared/avenginescanreport.go
  - internal/sdk/pkg/models/shared/deepcdrdetails.go
  - internal/sdk/pkg/models/shared/opswatfilescanresponse.go
  - internal/sdk/pkg/models/shared/filetyperesponse.go
  - internal/sdk/pkg/models/shared/fileinformation.go
  - internal/sdk/pkg/models/shared/signerinfo.go
  - internal/sdk/pkg/models/shared/extractioninfo.go
  - internal/sdk/pkg/models/shared/downloadinfo.go
  - internal/sdk/pkg/models/shared/dlpresponse.go
  - internal/sdk/pkg/models/shared/analysisresultallextractedfiles.go
  - internal/sdk/pkg/models/shared/extractedfiles.go
  - internal/sdk/pkg/models/shared/extractedfiles2.go
  - internal/sdk/pkg/models/shared/bodyanddownloadlinkgiven.go
  - internal/sdk/pkg/models/shared/callbackurlinvalid.go
  - internal/sdk/pkg/models/shared/fileuploadrejected.go
  - internal/sdk/pkg/models/shared/callbackurlnotsupported.go
  - internal/sdk/pkg/models/shared/licenseexpired.go
  - internal/sdk/pkg/models/shared/noavailablerule.go
  - internal/sdk/pkg/models/shared/internalerror.go
  - internal/sdk/pkg/models/shared/localfilenotfound.go
  - internal/sdk/pkg/models/shared/filesizeexceeded.go
  - internal/sdk/pkg/models/shared/invalidapikeygiven.go
  - internal/sdk/pkg/models/shared/inprogressbatchclosed.go
  - internal/sdk/pkg/models/shared/batchnotfound.go
  - internal/sdk/pkg/models/shared/batchinstancemismatched.go
  - internal/sdk/pkg/models/shared/bodyandlocalfilepathgiven.go
  - internal/sdk/pkg/models/shared/redirectlinknotsupported.go
  - internal/sdk/pkg/models/shared/invaliddownloadlink.go
  - internal/sdk/pkg/models/shared/invalidprotocoldownloadlink.go
  - internal/sdk/pkg/models/shared/batchresponseclosed.go
  - internal/sdk/pkg/models/shared/batchid.go
  - internal/sdk/pkg/models/shared/batchresponseinprogress.go
  - internal/sdk/pkg/models/shared/userlogin.go
  - internal/sdk/pkg/models/shared/readyz.go
  - internal/sdk/pkg/models/callbacks/fileanalysispost.go
  - USAGE.md
  - internal/provider/provider.go
  - examples/provider/provider.tf
  - internal/sdk/pkg/models/operations/options.go
  - .gitattributes
